
Microsoft Visual Studio Solution File, Format Version 12.00
Project("{FAE04EC0-301F-11D3-BF4B-00C04F79EFBC}") = "MentoringHomeWork", "MentoringHomeWork\HW2\MentoringHomeWork.csproj", "{0F2ADFBF-DFF9-41A3-9E73-BFAACE9A28CB}"
EndProject

Project("{FAE04EC0-301F-11D3-BF4B-00C04F79EFBC}") = "hw3", "MentoringHomeWork\HW3.0\hw3\hw3.csproj", "{764E1FDC-60A0-437C-B912-4D40A1A0EE21}"
EndProject
Project("{FAE04EC0-301F-11D3-BF4B-00C04F79EFBC}") = "HW03.Calculator.Static", "MentoringHomeWork\HW3.0\HW03.Calculator.Static\HW03.Calculator.Static.csproj", "{09DCF096-A039-43DB-8147-F101D98DC5B0}"
EndProject
Project("{FAE04EC0-301F-11D3-BF4B-00C04F79EFBC}") = "HW03.Birthday", "MentoringHomeWork\HW3.0\HW03.Birthday\HW03.Birthday.csproj", "{6E851AD7-F6F1-4DBF-BEBB-D7922E194A3A}"
EndProject
Project("{FAE04EC0-301F-11D3-BF4B-00C04F79EFBC}") = "Task3", "MentoringHomeWork\HW4\Task3\Task3.csproj", "{8FC44EF1-3476-4BC1-A215-7CE87799A06A}"
EndProject
Project("{FAE04EC0-301F-11D3-BF4B-00C04F79EFBC}") = "Task4", "MentoringHomeWork\HW4\Task4\Task4.csproj", "{D4906B2B-92D2-4C09-9CA1-02E3F3D5600A}"
EndProject
Project("{FAE04EC0-301F-11D3-BF4B-00C04F79EFBC}") = "Task6", "MentoringHomeWork\HW4\Task6\Task6.csproj", "{55CFB186-E84A-44AF-A627-E1A4058DB3DA}"
EndProject
Project("{FAE04EC0-301F-11D3-BF4B-00C04F79EFBC}") = "HW.05.Task1", "MentoringHomeWork\HW5\HW.05.Task1\HW.05.Task1.csproj", "{0663FD29-10AB-42C1-A186-B2718B72E311}"
EndProject
Project("{FAE04EC0-301F-11D3-BF4B-00C04F79EFBC}") = "GoodDay", "MentoringHomeWork\HW5\GoodDay\GoodDay.csproj", "{1BA259E5-999C-42C4-9170-CA0F1C38D537}"
EndProject
Project("{FAE04EC0-301F-11D3-BF4B-00C04F79EFBC}") = "LattersCount", "MentoringHomeWork\HW5\LattersCount\LattersCount.csproj", "{83EF544B-7064-46CC-AFB4-82D7FDD35AB3}"
EndProject
Project("{FAE04EC0-301F-11D3-BF4B-00C04F79EFBC}") = "HW.05.Task2", "MentoringHomeWork\HW5\HW.05.Task2\HW.05.Task2.csproj", "{70EB9210-8462-4551-A70C-86712BA222F2}"
EndProject
Project("{FAE04EC0-301F-11D3-BF4B-00C04F79EFBC}") = "HW.05.Task3", "MentoringHomeWork\HW5\HW.05.Task3\HW.05.Task3.csproj", "{B4A144F5-73AF-457D-A60B-9FC92E34EBEB}"
EndProject
Project("{FAE04EC0-301F-11D3-BF4B-00C04F79EFBC}") = "HW.05.Task4", "MentoringHomeWork\HW5\HW.05.Task4\HW.05.Task4.csproj", "{6E9CF6C8-28E1-4D1A-9D37-1320B0269B3D}"
EndProject
Project("{2150E333-8FDC-42A3-9474-1A3956D46DE8}") = "HomeWork5", "HomeWork5", "{00726010-3262-4CE1-9F31-A18E2F921EF5}"
EndProject
Project("{2150E333-8FDC-42A3-9474-1A3956D46DE8}") = "HomeWork3", "HomeWork3", "{36FF201D-3F6C-4B17-9C13-CBC7234C4DDC}"
EndProject
Project("{2150E333-8FDC-42A3-9474-1A3956D46DE8}") = "HomeWork4", "HomeWork4", "{4498F226-1C7B-46EE-9B29-3E1AE13109C3}"
EndProject
Project("{FAE04EC0-301F-11D3-BF4B-00C04F79EFBC}") = "CalculateSum", "MentoringHomeWork\HW4\CalculateSum\CalculateSum.csproj", "{7778EA72-1CB6-4CE9-97F5-CDB31E1EB0FC}"
EndProject
Project("{FAE04EC0-301F-11D3-BF4B-00C04F79EFBC}") = "CheckSum", "MentoringHomeWork\HW4\CheckSum\CheckSum.csproj", "{F6A2BE8D-2DB5-455B-B4CE-1A171346B6C1}"
EndProject
Project("{2150E333-8FDC-42A3-9474-1A3956D46DE8}") = "HomeWork2", "HomeWork2", "{A33FD589-DE78-47A7-B8A0-59CA9206680F}"
EndProject
Project("{2150E333-8FDC-42A3-9474-1A3956D46DE8}") = "HomeWork6", "HomeWork6", "{AACB4848-F7D5-4CD2-A64E-6C05385D5322}"
EndProject
Project("{FAE04EC0-301F-11D3-BF4B-00C04F79EFBC}") = "HW6.Task1", "MentoringHomeWork\HW6\HW6.Task1\HW6.Task1.csproj", "{1842190D-DDF1-4C21-8A57-A69B7AD948A3}"
EndProject
Project("{FAE04EC0-301F-11D3-BF4B-00C04F79EFBC}") = "HW6.Task2", "MentoringHomeWork\HW6\HW6.Task2\HW6.Task2.csproj", "{FDE6192B-D224-416F-969F-95A4CB436423}"
EndProject
Global
	GlobalSection(SolutionConfigurationPlatforms) = preSolution
		Debug|Any CPU = Debug|Any CPU
		Release|Any CPU = Release|Any CPU
	EndGlobalSection
	GlobalSection(ProjectConfigurationPlatforms) = postSolution
		{0F2ADFBF-DFF9-41A3-9E73-BFAACE9A28CB}.Debug|Any CPU.ActiveCfg = Debug|Any CPU
		{0F2ADFBF-DFF9-41A3-9E73-BFAACE9A28CB}.Debug|Any CPU.Build.0 = Debug|Any CPU
		{0F2ADFBF-DFF9-41A3-9E73-BFAACE9A28CB}.Release|Any CPU.ActiveCfg = Release|Any CPU
		{0F2ADFBF-DFF9-41A3-9E73-BFAACE9A28CB}.Release|Any CPU.Build.0 = Release|Any CPU
		{FDB7EDB4-626F-4905-B110-EB118A5FA752}.Debug|Any CPU.ActiveCfg = Debug|Any CPU
		{FDB7EDB4-626F-4905-B110-EB118A5FA752}.Debug|Any CPU.Build.0 = Debug|Any CPU
		{FDB7EDB4-626F-4905-B110-EB118A5FA752}.Release|Any CPU.ActiveCfg = Release|Any CPU
		{FDB7EDB4-626F-4905-B110-EB118A5FA752}.Release|Any CPU.Build.0 = Release|Any CPU
		{764E1FDC-60A0-437C-B912-4D40A1A0EE21}.Debug|Any CPU.ActiveCfg = Debug|Any CPU
		{764E1FDC-60A0-437C-B912-4D40A1A0EE21}.Debug|Any CPU.Build.0 = Debug|Any CPU
		{764E1FDC-60A0-437C-B912-4D40A1A0EE21}.Release|Any CPU.ActiveCfg = Release|Any CPU
		{764E1FDC-60A0-437C-B912-4D40A1A0EE21}.Release|Any CPU.Build.0 = Release|Any CPU
		{09DCF096-A039-43DB-8147-F101D98DC5B0}.Debug|Any CPU.ActiveCfg = Debug|Any CPU
		{09DCF096-A039-43DB-8147-F101D98DC5B0}.Debug|Any CPU.Build.0 = Debug|Any CPU
		{09DCF096-A039-43DB-8147-F101D98DC5B0}.Release|Any CPU.ActiveCfg = Release|Any CPU
		{09DCF096-A039-43DB-8147-F101D98DC5B0}.Release|Any CPU.Build.0 = Release|Any CPU
		{6E851AD7-F6F1-4DBF-BEBB-D7922E194A3A}.Debug|Any CPU.ActiveCfg = Debug|Any CPU
		{6E851AD7-F6F1-4DBF-BEBB-D7922E194A3A}.Debug|Any CPU.Build.0 = Debug|Any CPU
		{6E851AD7-F6F1-4DBF-BEBB-D7922E194A3A}.Release|Any CPU.ActiveCfg = Release|Any CPU
		{6E851AD7-F6F1-4DBF-BEBB-D7922E194A3A}.Release|Any CPU.Build.0 = Release|Any CPU
		{8FC44EF1-3476-4BC1-A215-7CE87799A06A}.Debug|Any CPU.ActiveCfg = Debug|Any CPU
		{8FC44EF1-3476-4BC1-A215-7CE87799A06A}.Debug|Any CPU.Build.0 = Debug|Any CPU
		{8FC44EF1-3476-4BC1-A215-7CE87799A06A}.Release|Any CPU.ActiveCfg = Release|Any CPU
		{8FC44EF1-3476-4BC1-A215-7CE87799A06A}.Release|Any CPU.Build.0 = Release|Any CPU
		{D4906B2B-92D2-4C09-9CA1-02E3F3D5600A}.Debug|Any CPU.ActiveCfg = Debug|Any CPU
		{D4906B2B-92D2-4C09-9CA1-02E3F3D5600A}.Debug|Any CPU.Build.0 = Debug|Any CPU
		{D4906B2B-92D2-4C09-9CA1-02E3F3D5600A}.Release|Any CPU.ActiveCfg = Release|Any CPU
		{D4906B2B-92D2-4C09-9CA1-02E3F3D5600A}.Release|Any CPU.Build.0 = Release|Any CPU
		{55CFB186-E84A-44AF-A627-E1A4058DB3DA}.Debug|Any CPU.ActiveCfg = Debug|Any CPU
		{55CFB186-E84A-44AF-A627-E1A4058DB3DA}.Debug|Any CPU.Build.0 = Debug|Any CPU
		{55CFB186-E84A-44AF-A627-E1A4058DB3DA}.Release|Any CPU.ActiveCfg = Release|Any CPU
		{55CFB186-E84A-44AF-A627-E1A4058DB3DA}.Release|Any CPU.Build.0 = Release|Any CPU
		{0663FD29-10AB-42C1-A186-B2718B72E311}.Debug|Any CPU.ActiveCfg = Debug|Any CPU
		{0663FD29-10AB-42C1-A186-B2718B72E311}.Debug|Any CPU.Build.0 = Debug|Any CPU
		{0663FD29-10AB-42C1-A186-B2718B72E311}.Release|Any CPU.ActiveCfg = Release|Any CPU
		{0663FD29-10AB-42C1-A186-B2718B72E311}.Release|Any CPU.Build.0 = Release|Any CPU
		{1BA259E5-999C-42C4-9170-CA0F1C38D537}.Debug|Any CPU.ActiveCfg = Debug|Any CPU
		{1BA259E5-999C-42C4-9170-CA0F1C38D537}.Debug|Any CPU.Build.0 = Debug|Any CPU
		{1BA259E5-999C-42C4-9170-CA0F1C38D537}.Release|Any CPU.ActiveCfg = Release|Any CPU
		{1BA259E5-999C-42C4-9170-CA0F1C38D537}.Release|Any CPU.Build.0 = Release|Any CPU
		{83EF544B-7064-46CC-AFB4-82D7FDD35AB3}.Debug|Any CPU.ActiveCfg = Debug|Any CPU
		{83EF544B-7064-46CC-AFB4-82D7FDD35AB3}.Debug|Any CPU.Build.0 = Debug|Any CPU
		{83EF544B-7064-46CC-AFB4-82D7FDD35AB3}.Release|Any CPU.ActiveCfg = Release|Any CPU
		{83EF544B-7064-46CC-AFB4-82D7FDD35AB3}.Release|Any CPU.Build.0 = Release|Any CPU
		{70EB9210-8462-4551-A70C-86712BA222F2}.Debug|Any CPU.ActiveCfg = Debug|Any CPU
		{70EB9210-8462-4551-A70C-86712BA222F2}.Debug|Any CPU.Build.0 = Debug|Any CPU
		{70EB9210-8462-4551-A70C-86712BA222F2}.Release|Any CPU.ActiveCfg = Release|Any CPU
		{70EB9210-8462-4551-A70C-86712BA222F2}.Release|Any CPU.Build.0 = Release|Any CPU
		{B4A144F5-73AF-457D-A60B-9FC92E34EBEB}.Debug|Any CPU.ActiveCfg = Debug|Any CPU
		{B4A144F5-73AF-457D-A60B-9FC92E34EBEB}.Debug|Any CPU.Build.0 = Debug|Any CPU
		{B4A144F5-73AF-457D-A60B-9FC92E34EBEB}.Release|Any CPU.ActiveCfg = Release|Any CPU
		{B4A144F5-73AF-457D-A60B-9FC92E34EBEB}.Release|Any CPU.Build.0 = Release|Any CPU
		{6E9CF6C8-28E1-4D1A-9D37-1320B0269B3D}.Debug|Any CPU.ActiveCfg = Debug|Any CPU
		{6E9CF6C8-28E1-4D1A-9D37-1320B0269B3D}.Debug|Any CPU.Build.0 = Debug|Any CPU
		{6E9CF6C8-28E1-4D1A-9D37-1320B0269B3D}.Release|Any CPU.ActiveCfg = Release|Any CPU
		{6E9CF6C8-28E1-4D1A-9D37-1320B0269B3D}.Release|Any CPU.Build.0 = Release|Any CPU
		{7778EA72-1CB6-4CE9-97F5-CDB31E1EB0FC}.Debug|Any CPU.ActiveCfg = Debug|Any CPU
		{7778EA72-1CB6-4CE9-97F5-CDB31E1EB0FC}.Debug|Any CPU.Build.0 = Debug|Any CPU
		{7778EA72-1CB6-4CE9-97F5-CDB31E1EB0FC}.Release|Any CPU.ActiveCfg = Release|Any CPU
		{7778EA72-1CB6-4CE9-97F5-CDB31E1EB0FC}.Release|Any CPU.Build.0 = Release|Any CPU
		{F6A2BE8D-2DB5-455B-B4CE-1A171346B6C1}.Debug|Any CPU.ActiveCfg = Debug|Any CPU
		{F6A2BE8D-2DB5-455B-B4CE-1A171346B6C1}.Debug|Any CPU.Build.0 = Debug|Any CPU
		{F6A2BE8D-2DB5-455B-B4CE-1A171346B6C1}.Release|Any CPU.ActiveCfg = Release|Any CPU
		{F6A2BE8D-2DB5-455B-B4CE-1A171346B6C1}.Release|Any CPU.Build.0 = Release|Any CPU
		{1842190D-DDF1-4C21-8A57-A69B7AD948A3}.Debug|Any CPU.ActiveCfg = Debug|Any CPU
		{1842190D-DDF1-4C21-8A57-A69B7AD948A3}.Debug|Any CPU.Build.0 = Debug|Any CPU
		{1842190D-DDF1-4C21-8A57-A69B7AD948A3}.Release|Any CPU.ActiveCfg = Release|Any CPU
		{1842190D-DDF1-4C21-8A57-A69B7AD948A3}.Release|Any CPU.Build.0 = Release|Any CPU
		{FDE6192B-D224-416F-969F-95A4CB436423}.Debug|Any CPU.ActiveCfg = Debug|Any CPU
		{FDE6192B-D224-416F-969F-95A4CB436423}.Debug|Any CPU.Build.0 = Debug|Any CPU
		{FDE6192B-D224-416F-969F-95A4CB436423}.Release|Any CPU.ActiveCfg = Release|Any CPU
		{FDE6192B-D224-416F-969F-95A4CB436423}.Release|Any CPU.Build.0 = Release|Any CPU
	EndGlobalSection
	GlobalSection(NestedProjects) = preSolution
		{1BA259E5-999C-42C4-9170-CA0F1C38D537} = {00726010-3262-4CE1-9F31-A18E2F921EF5}
		{0663FD29-10AB-42C1-A186-B2718B72E311} = {00726010-3262-4CE1-9F31-A18E2F921EF5}
		{70EB9210-8462-4551-A70C-86712BA222F2} = {00726010-3262-4CE1-9F31-A18E2F921EF5}
		{B4A144F5-73AF-457D-A60B-9FC92E34EBEB} = {00726010-3262-4CE1-9F31-A18E2F921EF5}
		{6E9CF6C8-28E1-4D1A-9D37-1320B0269B3D} = {00726010-3262-4CE1-9F31-A18E2F921EF5}
		{83EF544B-7064-46CC-AFB4-82D7FDD35AB3} = {00726010-3262-4CE1-9F31-A18E2F921EF5}
		{764E1FDC-60A0-437C-B912-4D40A1A0EE21} = {36FF201D-3F6C-4B17-9C13-CBC7234C4DDC}
		{6E851AD7-F6F1-4DBF-BEBB-D7922E194A3A} = {36FF201D-3F6C-4B17-9C13-CBC7234C4DDC}
		{09DCF096-A039-43DB-8147-F101D98DC5B0} = {36FF201D-3F6C-4B17-9C13-CBC7234C4DDC}
		{8FC44EF1-3476-4BC1-A215-7CE87799A06A} = {4498F226-1C7B-46EE-9B29-3E1AE13109C3}
		{7778EA72-1CB6-4CE9-97F5-CDB31E1EB0FC} = {4498F226-1C7B-46EE-9B29-3E1AE13109C3}
		{F6A2BE8D-2DB5-455B-B4CE-1A171346B6C1} = {4498F226-1C7B-46EE-9B29-3E1AE13109C3}
		{D4906B2B-92D2-4C09-9CA1-02E3F3D5600A} = {4498F226-1C7B-46EE-9B29-3E1AE13109C3}
		{55CFB186-E84A-44AF-A627-E1A4058DB3DA} = {4498F226-1C7B-46EE-9B29-3E1AE13109C3}
		{0F2ADFBF-DFF9-41A3-9E73-BFAACE9A28CB} = {A33FD589-DE78-47A7-B8A0-59CA9206680F}
		{1842190D-DDF1-4C21-8A57-A69B7AD948A3} = {AACB4848-F7D5-4CD2-A64E-6C05385D5322}
		{FDE6192B-D224-416F-969F-95A4CB436423} = {AACB4848-F7D5-4CD2-A64E-6C05385D5322}
	EndGlobalSection
EndGlobal
