
Microsoft Visual Studio Solution File, Format Version 12.00
Project("{FAE04EC0-301F-11D3-BF4B-00C04F79EFBC}") = "MentoringHomeWork", "MentoringHomeWork\HW2\MentoringHomeWork.csproj", "{0F2ADFBF-DFF9-41A3-9E73-BFAACE9A28CB}"
EndProject
Global
	GlobalSection(SolutionConfigurationPlatforms) = preSolution
		Debug|Any CPU = Debug|Any CPU
		Release|Any CPU = Release|Any CPU
	EndGlobalSection
	GlobalSection(ProjectConfigurationPlatforms) = postSolution
		{0F2ADFBF-DFF9-41A3-9E73-BFAACE9A28CB}.Debug|Any CPU.ActiveCfg = Debug|Any CPU
		{0F2ADFBF-DFF9-41A3-9E73-BFAACE9A28CB}.Debug|Any CPU.Build.0 = Debug|Any CPU
		{0F2ADFBF-DFF9-41A3-9E73-BFAACE9A28CB}.Release|Any CPU.ActiveCfg = Release|Any CPU
		{0F2ADFBF-DFF9-41A3-9E73-BFAACE9A28CB}.Release|Any CPU.Build.0 = Release|Any CPU
	EndGlobalSection
EndGlobal
