
Microsoft Visual Studio Solution File, Format Version 12.00
Project("{FAE04EC0-301F-11D3-BF4B-00C04F79EFBC}") = "MentoringHomeWork", "MentoringHomeWork\HW2\MentoringHomeWork.csproj", "{0F2ADFBF-DFF9-41A3-9E73-BFAACE9A28CB}"
EndProject

Project("{FAE04EC0-301F-11D3-BF4B-00C04F79EFBC}") = "hw3", "MentoringHomeWork\HW3.0\hw3\hw3.csproj", "{764E1FDC-60A0-437C-B912-4D40A1A0EE21}"
EndProject
Project("{FAE04EC0-301F-11D3-BF4B-00C04F79EFBC}") = "HW03.Calculator.Static", "MentoringHomeWork\HW3.0\HW03.Calculator.Static\HW03.Calculator.Static.csproj", "{09DCF096-A039-43DB-8147-F101D98DC5B0}"
EndProject
Project("{FAE04EC0-301F-11D3-BF4B-00C04F79EFBC}") = "HW03.Birthday", "MentoringHomeWork\HW3.0\HW03.Birthday\HW03.Birthday.csproj", "{6E851AD7-F6F1-4DBF-BEBB-D7922E194A3A}"
EndProject
Global
	GlobalSection(SolutionConfigurationPlatforms) = preSolution
		Debug|Any CPU = Debug|Any CPU
		Release|Any CPU = Release|Any CPU
	EndGlobalSection
	GlobalSection(ProjectConfigurationPlatforms) = postSolution
		{0F2ADFBF-DFF9-41A3-9E73-BFAACE9A28CB}.Debug|Any CPU.ActiveCfg = Debug|Any CPU
		{0F2ADFBF-DFF9-41A3-9E73-BFAACE9A28CB}.Debug|Any CPU.Build.0 = Debug|Any CPU
		{0F2ADFBF-DFF9-41A3-9E73-BFAACE9A28CB}.Release|Any CPU.ActiveCfg = Release|Any CPU
		{0F2ADFBF-DFF9-41A3-9E73-BFAACE9A28CB}.Release|Any CPU.Build.0 = Release|Any CPU
		{FDB7EDB4-626F-4905-B110-EB118A5FA752}.Debug|Any CPU.ActiveCfg = Debug|Any CPU
		{FDB7EDB4-626F-4905-B110-EB118A5FA752}.Debug|Any CPU.Build.0 = Debug|Any CPU
		{FDB7EDB4-626F-4905-B110-EB118A5FA752}.Release|Any CPU.ActiveCfg = Release|Any CPU
		{FDB7EDB4-626F-4905-B110-EB118A5FA752}.Release|Any CPU.Build.0 = Release|Any CPU
		{764E1FDC-60A0-437C-B912-4D40A1A0EE21}.Debug|Any CPU.ActiveCfg = Debug|Any CPU
		{764E1FDC-60A0-437C-B912-4D40A1A0EE21}.Debug|Any CPU.Build.0 = Debug|Any CPU
		{764E1FDC-60A0-437C-B912-4D40A1A0EE21}.Release|Any CPU.ActiveCfg = Release|Any CPU
		{764E1FDC-60A0-437C-B912-4D40A1A0EE21}.Release|Any CPU.Build.0 = Release|Any CPU
		{09DCF096-A039-43DB-8147-F101D98DC5B0}.Debug|Any CPU.ActiveCfg = Debug|Any CPU
		{09DCF096-A039-43DB-8147-F101D98DC5B0}.Debug|Any CPU.Build.0 = Debug|Any CPU
		{09DCF096-A039-43DB-8147-F101D98DC5B0}.Release|Any CPU.ActiveCfg = Release|Any CPU
		{09DCF096-A039-43DB-8147-F101D98DC5B0}.Release|Any CPU.Build.0 = Release|Any CPU
		{6E851AD7-F6F1-4DBF-BEBB-D7922E194A3A}.Debug|Any CPU.ActiveCfg = Debug|Any CPU
		{6E851AD7-F6F1-4DBF-BEBB-D7922E194A3A}.Debug|Any CPU.Build.0 = Debug|Any CPU
		{6E851AD7-F6F1-4DBF-BEBB-D7922E194A3A}.Release|Any CPU.ActiveCfg = Release|Any CPU
		{6E851AD7-F6F1-4DBF-BEBB-D7922E194A3A}.Release|Any CPU.Build.0 = Release|Any CPU
	EndGlobalSection
EndGlobal
